
Microsoft Visual Studio Solution File, Format Version 12.00
# Visual Studio Version 17
VisualStudioVersion = 17.14.36221.1 d17.14
MinimumVisualStudioVersion = 10.0.40219.1
Project("{FAE04EC0-301F-11D3-BF4B-00C04F79EFBC}") = "crudapplication", "crudapplication.csproj", "{F15F30DA-974E-4CE5-97F0-D8E03197229C}"
EndProject
Global
	GlobalSection(SolutionConfigurationPlatforms) = preSolution
		Debug|Any CPU = Debug|Any CPU
		Release|Any CPU = Release|Any CPU
	EndGlobalSection
	GlobalSection(ProjectConfigurationPlatforms) = postSolution
		{F15F30DA-974E-4CE5-97F0-D8E03197229C}.Debug|Any CPU.ActiveCfg = Debug|Any CPU
		{F15F30DA-974E-4CE5-97F0-D8E03197229C}.Debug|Any CPU.Build.0 = Debug|Any CPU
		{F15F30DA-974E-4CE5-97F0-D8E03197229C}.Release|Any CPU.ActiveCfg = Release|Any CPU
		{F15F30DA-974E-4CE5-97F0-D8E03197229C}.Release|Any CPU.Build.0 = Release|Any CPU
	EndGlobalSection
	GlobalSection(SolutionProperties) = preSolution
		HideSolutionNode = FALSE
	EndGlobalSection
	GlobalSection(ExtensibilityGlobals) = postSolution
		SolutionGuid = {60B51CB5-8662-4CB5-9C4B-C48B71C2EFBD}
	EndGlobalSection
EndGlobal
